
Microsoft Visual Studio Solution File, Format Version 12.00
# Visual Studio 15
VisualStudioVersion = 15.0.28307.438
MinimumVisualStudioVersion = 10.0.40219.1
Project("{FAE04EC0-301F-11D3-BF4B-00C04F79EFBC}") = "sttp.gsf", "lib\sttp.gsf.csproj", "{A5C8FAE8-5F30-4F9B-8BC7-4F0F17B0BE52}"
EndProject
Project("{2150E333-8FDC-42A3-9474-1A3956D46DE8}") = "lib", "lib", "{0E8A5E0A-E5C7-4C68-A504-D36AEF52380E}"
EndProject
Project("{2150E333-8FDC-42A3-9474-1A3956D46DE8}") = "samples", "samples", "{AB836D09-8D9D-4DA6-96F9-89EFB673FC72}"
EndProject
Project("{2150E333-8FDC-42A3-9474-1A3956D46DE8}") = "solution docs", "solution docs", "{9B2537AD-8A41-4FAD-8DD0-E10B6B279024}"
	ProjectSection(SolutionItems) = preProject
		..\LICENSE = ..\LICENSE
		..\README.md = ..\README.md
		..\build\scripts\sttp.version = ..\build\scripts\sttp.version
	EndProjectSection
EndProject
Project("{FAE04EC0-301F-11D3-BF4B-00C04F79EFBC}") = "InteropTest", "samples\InteropTest\InteropTest.csproj", "{257861E8-E7BD-4CC7-A576-89C2D281E286}"
EndProject
Global
	GlobalSection(SolutionConfigurationPlatforms) = preSolution
		Debug|Any CPU = Debug|Any CPU
		Release|Any CPU = Release|Any CPU
	EndGlobalSection
	GlobalSection(ProjectConfigurationPlatforms) = postSolution
		{A5C8FAE8-5F30-4F9B-8BC7-4F0F17B0BE52}.Debug|Any CPU.ActiveCfg = Debug|Any CPU
		{A5C8FAE8-5F30-4F9B-8BC7-4F0F17B0BE52}.Debug|Any CPU.Build.0 = Debug|Any CPU
		{A5C8FAE8-5F30-4F9B-8BC7-4F0F17B0BE52}.Release|Any CPU.ActiveCfg = Release|Any CPU
		{A5C8FAE8-5F30-4F9B-8BC7-4F0F17B0BE52}.Release|Any CPU.Build.0 = Release|Any CPU
		{257861E8-E7BD-4CC7-A576-89C2D281E286}.Debug|Any CPU.ActiveCfg = Debug|Any CPU
		{257861E8-E7BD-4CC7-A576-89C2D281E286}.Debug|Any CPU.Build.0 = Debug|Any CPU
		{257861E8-E7BD-4CC7-A576-89C2D281E286}.Release|Any CPU.ActiveCfg = Release|Any CPU
		{257861E8-E7BD-4CC7-A576-89C2D281E286}.Release|Any CPU.Build.0 = Release|Any CPU
	EndGlobalSection
	GlobalSection(SolutionProperties) = preSolution
		HideSolutionNode = FALSE
	EndGlobalSection
	GlobalSection(NestedProjects) = preSolution
		{A5C8FAE8-5F30-4F9B-8BC7-4F0F17B0BE52} = {0E8A5E0A-E5C7-4C68-A504-D36AEF52380E}
		{257861E8-E7BD-4CC7-A576-89C2D281E286} = {AB836D09-8D9D-4DA6-96F9-89EFB673FC72}
	EndGlobalSection
	GlobalSection(ExtensibilityGlobals) = postSolution
		SolutionGuid = {EEF6D3B2-391D-432C-9EE0-05631357D048}
	EndGlobalSection
EndGlobal
